// !$*UTF8*$!
{
	archiveVersion = 1;
	classes = {
	};
	objectVersion = 55;
	objects = {

/* Begin PBXBuildFile section */
		848395AA28CF2F6C00A7F6C5 /* AppDelegate.swift in Sources */ = {isa = PBXBuildFile; fileRef = 848395A928CF2F6C00A7F6C5 /* AppDelegate.swift */; };
		848395AC28CF2F6C00A7F6C5 /* SceneDelegate.swift in Sources */ = {isa = PBXBuildFile; fileRef = 848395AB28CF2F6C00A7F6C5 /* SceneDelegate.swift */; };
		848395AE28CF2F6C00A7F6C5 /* ViewController.swift in Sources */ = {isa = PBXBuildFile; fileRef = 848395AD28CF2F6C00A7F6C5 /* ViewController.swift */; };
		848395B128CF2F6C00A7F6C5 /* Main.storyboard in Resources */ = {isa = PBXBuildFile; fileRef = 848395AF28CF2F6C00A7F6C5 /* Main.storyboard */; };
		848395B328CF2F6D00A7F6C5 /* Assets.xcassets in Resources */ = {isa = PBXBuildFile; fileRef = 848395B228CF2F6D00A7F6C5 /* Assets.xcassets */; };
		848395B628CF2F6D00A7F6C5 /* LaunchScreen.storyboard in Resources */ = {isa = PBXBuildFile; fileRef = 848395B428CF2F6D00A7F6C5 /* LaunchScreen.storyboard */; };
		848395C128CF2F6D00A7F6C5 /* UpdateFruitViewControllerTests.swift in Sources */ = {isa = PBXBuildFile; fileRef = 848395C028CF2F6D00A7F6C5 /* UpdateFruitViewControllerTests.swift */; };
		848395CB28CF2F6D00A7F6C5 /* UpdateFruitViewControllerUITests.swift in Sources */ = {isa = PBXBuildFile; fileRef = 848395CA28CF2F6D00A7F6C5 /* UpdateFruitViewControllerUITests.swift */; };
		848395CD28CF2F6D00A7F6C5 /* UpdateFruitViewControllerUITestsLaunchTests.swift in Sources */ = {isa = PBXBuildFile; fileRef = 848395CC28CF2F6D00A7F6C5 /* UpdateFruitViewControllerUITestsLaunchTests.swift */; };
		848395DD28CF300600A7F6C5 /* Data.swift in Sources */ = {isa = PBXBuildFile; fileRef = 848395DC28CF300600A7F6C5 /* Data.swift */; };
		848395DF28CF31EF00A7F6C5 /* Presenter.swift in Sources */ = {isa = PBXBuildFile; fileRef = 848395DE28CF31EF00A7F6C5 /* Presenter.swift */; };
		848395E128CF368A00A7F6C5 /* ListFruitCell.swift in Sources */ = {isa = PBXBuildFile; fileRef = 848395E028CF368A00A7F6C5 /* ListFruitCell.swift */; };
		848395E328CF3CC800A7F6C5 /* UpdateFruiltViewController.swift in Sources */ = {isa = PBXBuildFile; fileRef = 848395E228CF3CC800A7F6C5 /* UpdateFruiltViewController.swift */; };
		848395E528CF3E6800A7F6C5 /* UpdateFruiltPresenter.swift in Sources */ = {isa = PBXBuildFile; fileRef = 848395E428CF3E6800A7F6C5 /* UpdateFruiltPresenter.swift */; };
/* End PBXBuildFile section */

/* Begin PBXContainerItemProxy section */
		848395BD28CF2F6D00A7F6C5 /* PBXContainerItemProxy */ = {
			isa = PBXContainerItemProxy;
			containerPortal = 8483959E28CF2F6C00A7F6C5 /* Project object */;
			proxyType = 1;
			remoteGlobalIDString = 848395A528CF2F6C00A7F6C5;
			remoteInfo = UpdateFruitViewController;
		};
		848395C728CF2F6D00A7F6C5 /* PBXContainerItemProxy */ = {
			isa = PBXContainerItemProxy;
			containerPortal = 8483959E28CF2F6C00A7F6C5 /* Project object */;
			proxyType = 1;
			remoteGlobalIDString = 848395A528CF2F6C00A7F6C5;
			remoteInfo = UpdateFruitViewController;
		};
/* End PBXContainerItemProxy section */

/* Begin PBXFileReference section */
		848395A628CF2F6C00A7F6C5 /* UpdateFruitViewController.app */ = {isa = PBXFileReference; explicitFileType = wrapper.application; includeInIndex = 0; path = UpdateFruitViewController.app; sourceTree = BUILT_PRODUCTS_DIR; };
		848395A928CF2F6C00A7F6C5 /* AppDelegate.swift */ = {isa = PBXFileReference; lastKnownFileType = sourcecode.swift; path = AppDelegate.swift; sourceTree = "<group>"; };
		848395AB28CF2F6C00A7F6C5 /* SceneDelegate.swift */ = {isa = PBXFileReference; lastKnownFileType = sourcecode.swift; path = SceneDelegate.swift; sourceTree = "<group>"; };
		848395AD28CF2F6C00A7F6C5 /* ViewController.swift */ = {isa = PBXFileReference; lastKnownFileType = sourcecode.swift; path = ViewController.swift; sourceTree = "<group>"; };
		848395B028CF2F6C00A7F6C5 /* Base */ = {isa = PBXFileReference; lastKnownFileType = file.storyboard; name = Base; path = Base.lproj/Main.storyboard; sourceTree = "<group>"; };
		848395B228CF2F6D00A7F6C5 /* Assets.xcassets */ = {isa = PBXFileReference; lastKnownFileType = folder.assetcatalog; path = Assets.xcassets; sourceTree = "<group>"; };
		848395B528CF2F6D00A7F6C5 /* Base */ = {isa = PBXFileReference; lastKnownFileType = file.storyboard; name = Base; path = Base.lproj/LaunchScreen.storyboard; sourceTree = "<group>"; };
		848395B728CF2F6D00A7F6C5 /* Info.plist */ = {isa = PBXFileReference; lastKnownFileType = text.plist.xml; path = Info.plist; sourceTree = "<group>"; };
		848395BC28CF2F6D00A7F6C5 /* UpdateFruitViewControllerTests.xctest */ = {isa = PBXFileReference; explicitFileType = wrapper.cfbundle; includeInIndex = 0; path = UpdateFruitViewControllerTests.xctest; sourceTree = BUILT_PRODUCTS_DIR; };
		848395C028CF2F6D00A7F6C5 /* UpdateFruitViewControllerTests.swift */ = {isa = PBXFileReference; lastKnownFileType = sourcecode.swift; path = UpdateFruitViewControllerTests.swift; sourceTree = "<group>"; };
		848395C628CF2F6D00A7F6C5 /* UpdateFruitViewControllerUITests.xctest */ = {isa = PBXFileReference; explicitFileType = wrapper.cfbundle; includeInIndex = 0; path = UpdateFruitViewControllerUITests.xctest; sourceTree = BUILT_PRODUCTS_DIR; };
		848395CA28CF2F6D00A7F6C5 /* UpdateFruitViewControllerUITests.swift */ = {isa = PBXFileReference; lastKnownFileType = sourcecode.swift; path = UpdateFruitViewControllerUITests.swift; sourceTree = "<group>"; };
		848395CC28CF2F6D00A7F6C5 /* UpdateFruitViewControllerUITestsLaunchTests.swift */ = {isa = PBXFileReference; lastKnownFileType = sourcecode.swift; path = UpdateFruitViewControllerUITestsLaunchTests.swift; sourceTree = "<group>"; };
		848395DC28CF300600A7F6C5 /* Data.swift */ = {isa = PBXFileReference; lastKnownFileType = sourcecode.swift; path = Data.swift; sourceTree = "<group>"; };
		848395DE28CF31EF00A7F6C5 /* Presenter.swift */ = {isa = PBXFileReference; lastKnownFileType = sourcecode.swift; path = Presenter.swift; sourceTree = "<group>"; };
		848395E028CF368A00A7F6C5 /* ListFruitCell.swift */ = {isa = PBXFileReference; lastKnownFileType = sourcecode.swift; path = ListFruitCell.swift; sourceTree = "<group>"; };
		848395E228CF3CC800A7F6C5 /* UpdateFruiltViewController.swift */ = {isa = PBXFileReference; lastKnownFileType = sourcecode.swift; path = UpdateFruiltViewController.swift; sourceTree = "<group>"; };
		848395E428CF3E6800A7F6C5 /* UpdateFruiltPresenter.swift */ = {isa = PBXFileReference; lastKnownFileType = sourcecode.swift; path = UpdateFruiltPresenter.swift; sourceTree = "<group>"; };
/* End PBXFileReference section */

/* Begin PBXFrameworksBuildPhase section */
		848395A328CF2F6C00A7F6C5 /* Frameworks */ = {
			isa = PBXFrameworksBuildPhase;
			buildActionMask = 2147483647;
			files = (
			);
			runOnlyForDeploymentPostprocessing = 0;
		};
		848395B928CF2F6D00A7F6C5 /* Frameworks */ = {
			isa = PBXFrameworksBuildPhase;
			buildActionMask = 2147483647;
			files = (
			);
			runOnlyForDeploymentPostprocessing = 0;
		};
		848395C328CF2F6D00A7F6C5 /* Frameworks */ = {
			isa = PBXFrameworksBuildPhase;
			buildActionMask = 2147483647;
			files = (
			);
			runOnlyForDeploymentPostprocessing = 0;
		};
/* End PBXFrameworksBuildPhase section */

/* Begin PBXGroup section */
		8483959D28CF2F6C00A7F6C5 = {
			isa = PBXGroup;
			children = (
				848395DB28CF2FEE00A7F6C5 /* Presenter */,
				848395DA28CF2FE200A7F6C5 /* View */,
				848395D928CF2F8500A7F6C5 /* Model */,
				848395A828CF2F6C00A7F6C5 /* UpdateFruitViewController */,
				848395BF28CF2F6D00A7F6C5 /* UpdateFruitViewControllerTests */,
				848395C928CF2F6D00A7F6C5 /* UpdateFruitViewControllerUITests */,
				848395A728CF2F6C00A7F6C5 /* Products */,
			);
			sourceTree = "<group>";
		};
		848395A728CF2F6C00A7F6C5 /* Products */ = {
			isa = PBXGroup;
			children = (
				848395A628CF2F6C00A7F6C5 /* UpdateFruitViewController.app */,
				848395BC28CF2F6D00A7F6C5 /* UpdateFruitViewControllerTests.xctest */,
				848395C628CF2F6D00A7F6C5 /* UpdateFruitViewControllerUITests.xctest */,
			);
			name = Products;
			sourceTree = "<group>";
		};
		848395A828CF2F6C00A7F6C5 /* UpdateFruitViewController */ = {
			isa = PBXGroup;
			children = (
				848395A928CF2F6C00A7F6C5 /* AppDelegate.swift */,
				848395AB28CF2F6C00A7F6C5 /* SceneDelegate.swift */,
				848395AF28CF2F6C00A7F6C5 /* Main.storyboard */,
				848395B228CF2F6D00A7F6C5 /* Assets.xcassets */,
				848395B428CF2F6D00A7F6C5 /* LaunchScreen.storyboard */,
				848395B728CF2F6D00A7F6C5 /* Info.plist */,
			);
			path = UpdateFruitViewController;
			sourceTree = "<group>";
		};
		848395BF28CF2F6D00A7F6C5 /* UpdateFruitViewControllerTests */ = {
			isa = PBXGroup;
			children = (
				848395C028CF2F6D00A7F6C5 /* UpdateFruitViewControllerTests.swift */,
			);
			path = UpdateFruitViewControllerTests;
			sourceTree = "<group>";
		};
		848395C928CF2F6D00A7F6C5 /* UpdateFruitViewControllerUITests */ = {
			isa = PBXGroup;
			children = (
				848395CA28CF2F6D00A7F6C5 /* UpdateFruitViewControllerUITests.swift */,
				848395CC28CF2F6D00A7F6C5 /* UpdateFruitViewControllerUITestsLaunchTests.swift */,
			);
			path = UpdateFruitViewControllerUITests;
			sourceTree = "<group>";
		};
		848395D928CF2F8500A7F6C5 /* Model */ = {
			isa = PBXGroup;
			children = (
				848395DC28CF300600A7F6C5 /* Data.swift */,
			);
			path = Model;
			sourceTree = "<group>";
		};
		848395DA28CF2FE200A7F6C5 /* View */ = {
			isa = PBXGroup;
			children = (
				848395AD28CF2F6C00A7F6C5 /* ViewController.swift */,
				848395E028CF368A00A7F6C5 /* ListFruitCell.swift */,
				848395E228CF3CC800A7F6C5 /* UpdateFruiltViewController.swift */,
			);
			path = View;
			sourceTree = "<group>";
		};
		848395DB28CF2FEE00A7F6C5 /* Presenter */ = {
			isa = PBXGroup;
			children = (
				848395DE28CF31EF00A7F6C5 /* Presenter.swift */,
				848395E428CF3E6800A7F6C5 /* UpdateFruiltPresenter.swift */,
			);
			path = Presenter;
			sourceTree = "<group>";
		};
/* End PBXGroup section */

/* Begin PBXNativeTarget section */
		848395A528CF2F6C00A7F6C5 /* UpdateFruitViewController */ = {
			isa = PBXNativeTarget;
			buildConfigurationList = 848395D028CF2F6D00A7F6C5 /* Build configuration list for PBXNativeTarget "UpdateFruitViewController" */;
			buildPhases = (
				848395A228CF2F6C00A7F6C5 /* Sources */,
				848395A328CF2F6C00A7F6C5 /* Frameworks */,
				848395A428CF2F6C00A7F6C5 /* Resources */,
			);
			buildRules = (
			);
			dependencies = (
			);
			name = UpdateFruitViewController;
			productName = UpdateFruitViewController;
			productReference = 848395A628CF2F6C00A7F6C5 /* UpdateFruitViewController.app */;
			productType = "com.apple.product-type.application";
		};
		848395BB28CF2F6D00A7F6C5 /* UpdateFruitViewControllerTests */ = {
			isa = PBXNativeTarget;
			buildConfigurationList = 848395D328CF2F6D00A7F6C5 /* Build configuration list for PBXNativeTarget "UpdateFruitViewControllerTests" */;
			buildPhases = (
				848395B828CF2F6D00A7F6C5 /* Sources */,
				848395B928CF2F6D00A7F6C5 /* Frameworks */,
				848395BA28CF2F6D00A7F6C5 /* Resources */,
			);
			buildRules = (
			);
			dependencies = (
				848395BE28CF2F6D00A7F6C5 /* PBXTargetDependency */,
			);
			name = UpdateFruitViewControllerTests;
			productName = UpdateFruitViewControllerTests;
			productReference = 848395BC28CF2F6D00A7F6C5 /* UpdateFruitViewControllerTests.xctest */;
			productType = "com.apple.product-type.bundle.unit-test";
		};
		848395C528CF2F6D00A7F6C5 /* UpdateFruitViewControllerUITests */ = {
			isa = PBXNativeTarget;
			buildConfigurationList = 848395D628CF2F6D00A7F6C5 /* Build configuration list for PBXNativeTarget "UpdateFruitViewControllerUITests" */;
			buildPhases = (
				848395C228CF2F6D00A7F6C5 /* Sources */,
				848395C328CF2F6D00A7F6C5 /* Frameworks */,
				848395C428CF2F6D00A7F6C5 /* Resources */,
			);
			buildRules = (
			);
			dependencies = (
				848395C828CF2F6D00A7F6C5 /* PBXTargetDependency */,
			);
			name = UpdateFruitViewControllerUITests;
			productName = UpdateFruitViewControllerUITests;
			productReference = 848395C628CF2F6D00A7F6C5 /* UpdateFruitViewControllerUITests.xctest */;
			productType = "com.apple.product-type.bundle.ui-testing";
		};
/* End PBXNativeTarget section */

/* Begin PBXProject section */
		8483959E28CF2F6C00A7F6C5 /* Project object */ = {
			isa = PBXProject;
			attributes = {
				BuildIndependentTargetsInParallel = 1;
				LastSwiftUpdateCheck = 1340;
				LastUpgradeCheck = 1340;
				TargetAttributes = {
					848395A528CF2F6C00A7F6C5 = {
						CreatedOnToolsVersion = 13.4.1;
					};
					848395BB28CF2F6D00A7F6C5 = {
						CreatedOnToolsVersion = 13.4.1;
						TestTargetID = 848395A528CF2F6C00A7F6C5;
					};
					848395C528CF2F6D00A7F6C5 = {
						CreatedOnToolsVersion = 13.4.1;
						TestTargetID = 848395A528CF2F6C00A7F6C5;
					};
				};
			};
			buildConfigurationList = 848395A128CF2F6C00A7F6C5 /* Build configuration list for PBXProject "UpdateFruitViewController" */;
			compatibilityVersion = "Xcode 13.0";
			developmentRegion = en;
			hasScannedForEncodings = 0;
			knownRegions = (
				en,
				Base,
			);
			mainGroup = 8483959D28CF2F6C00A7F6C5;
			productRefGroup = 848395A728CF2F6C00A7F6C5 /* Products */;
			projectDirPath = "";
			projectRoot = "";
			targets = (
				848395A528CF2F6C00A7F6C5 /* UpdateFruitViewController */,
				848395BB28CF2F6D00A7F6C5 /* UpdateFruitViewControllerTests */,
				848395C528CF2F6D00A7F6C5 /* UpdateFruitViewControllerUITests */,
			);
		};
/* End PBXProject section */

/* Begin PBXResourcesBuildPhase section */
		848395A428CF2F6C00A7F6C5 /* Resources */ = {
			isa = PBXResourcesBuildPhase;
			buildActionMask = 2147483647;
			files = (
				848395B628CF2F6D00A7F6C5 /* LaunchScreen.storyboard in Resources */,
				848395B328CF2F6D00A7F6C5 /* Assets.xcassets in Resources */,
				848395B128CF2F6C00A7F6C5 /* Main.storyboard in Resources */,
			);
			runOnlyForDeploymentPostprocessing = 0;
		};
		848395BA28CF2F6D00A7F6C5 /* Resources */ = {
			isa = PBXResourcesBuildPhase;
			buildActionMask = 2147483647;
			files = (
			);
			runOnlyForDeploymentPostprocessing = 0;
		};
		848395C428CF2F6D00A7F6C5 /* Resources */ = {
			isa = PBXResourcesBuildPhase;
			buildActionMask = 2147483647;
			files = (
			);
			runOnlyForDeploymentPostprocessing = 0;
		};
/* End PBXResourcesBuildPhase section */

/* Begin PBXSourcesBuildPhase section */
		848395A228CF2F6C00A7F6C5 /* Sources */ = {
			isa = PBXSourcesBuildPhase;
			buildActionMask = 2147483647;
			files = (
				848395AE28CF2F6C00A7F6C5 /* ViewController.swift in Sources */,
				848395AA28CF2F6C00A7F6C5 /* AppDelegate.swift in Sources */,
				848395E328CF3CC800A7F6C5 /* UpdateFruiltViewController.swift in Sources */,
				848395AC28CF2F6C00A7F6C5 /* SceneDelegate.swift in Sources */,
				848395DD28CF300600A7F6C5 /* Data.swift in Sources */,
				848395E128CF368A00A7F6C5 /* ListFruitCell.swift in Sources */,
				848395DF28CF31EF00A7F6C5 /* Presenter.swift in Sources */,
				848395E528CF3E6800A7F6C5 /* UpdateFruiltPresenter.swift in Sources */,
			);
			runOnlyForDeploymentPostprocessing = 0;
		};
		848395B828CF2F6D00A7F6C5 /* Sources */ = {
			isa = PBXSourcesBuildPhase;
			buildActionMask = 2147483647;
			files = (
				848395C128CF2F6D00A7F6C5 /* UpdateFruitViewControllerTests.swift in Sources */,
			);
			runOnlyForDeploymentPostprocessing = 0;
		};
		848395C228CF2F6D00A7F6C5 /* Sources */ = {
			isa = PBXSourcesBuildPhase;
			buildActionMask = 2147483647;
			files = (
				848395CB28CF2F6D00A7F6C5 /* UpdateFruitViewControllerUITests.swift in Sources */,
				848395CD28CF2F6D00A7F6C5 /* UpdateFruitViewControllerUITestsLaunchTests.swift in Sources */,
			);
			runOnlyForDeploymentPostprocessing = 0;
		};
/* End PBXSourcesBuildPhase section */

/* Begin PBXTargetDependency section */
		848395BE28CF2F6D00A7F6C5 /* PBXTargetDependency */ = {
			isa = PBXTargetDependency;
			target = 848395A528CF2F6C00A7F6C5 /* UpdateFruitViewController */;
			targetProxy = 848395BD28CF2F6D00A7F6C5 /* PBXContainerItemProxy */;
		};
		848395C828CF2F6D00A7F6C5 /* PBXTargetDependency */ = {
			isa = PBXTargetDependency;
			target = 848395A528CF2F6C00A7F6C5 /* UpdateFruitViewController */;
			targetProxy = 848395C728CF2F6D00A7F6C5 /* PBXContainerItemProxy */;
		};
/* End PBXTargetDependency section */

/* Begin PBXVariantGroup section */
		848395AF28CF2F6C00A7F6C5 /* Main.storyboard */ = {
			isa = PBXVariantGroup;
			children = (
				848395B028CF2F6C00A7F6C5 /* Base */,
			);
			name = Main.storyboard;
			sourceTree = "<group>";
		};
		848395B428CF2F6D00A7F6C5 /* LaunchScreen.storyboard */ = {
			isa = PBXVariantGroup;
			children = (
				848395B528CF2F6D00A7F6C5 /* Base */,
			);
			name = LaunchScreen.storyboard;
			sourceTree = "<group>";
		};
/* End PBXVariantGroup section */

/* Begin XCBuildConfiguration section */
		848395CE28CF2F6D00A7F6C5 /* Debug */ = {
			isa = XCBuildConfiguration;
			buildSettings = {
				ALWAYS_SEARCH_USER_PATHS = NO;
				CLANG_ANALYZER_NONNULL = YES;
				CLANG_ANALYZER_NUMBER_OBJECT_CONVERSION = YES_AGGRESSIVE;
				CLANG_CXX_LANGUAGE_STANDARD = "gnu++17";
				CLANG_ENABLE_MODULES = YES;
				CLANG_ENABLE_OBJC_ARC = YES;
				CLANG_ENABLE_OBJC_WEAK = YES;
				CLANG_WARN_BLOCK_CAPTURE_AUTORELEASING = YES;
				CLANG_WARN_BOOL_CONVERSION = YES;
				CLANG_WARN_COMMA = YES;
				CLANG_WARN_CONSTANT_CONVERSION = YES;
				CLANG_WARN_DEPRECATED_OBJC_IMPLEMENTATIONS = YES;
				CLANG_WARN_DIRECT_OBJC_ISA_USAGE = YES_ERROR;
				CLANG_WARN_DOCUMENTATION_COMMENTS = YES;
				CLANG_WARN_EMPTY_BODY = YES;
				CLANG_WARN_ENUM_CONVERSION = YES;
				CLANG_WARN_INFINITE_RECURSION = YES;
				CLANG_WARN_INT_CONVERSION = YES;
				CLANG_WARN_NON_LITERAL_NULL_CONVERSION = YES;
				CLANG_WARN_OBJC_IMPLICIT_RETAIN_SELF = YES;
				CLANG_WARN_OBJC_LITERAL_CONVERSION = YES;
				CLANG_WARN_OBJC_ROOT_CLASS = YES_ERROR;
				CLANG_WARN_QUOTED_INCLUDE_IN_FRAMEWORK_HEADER = YES;
				CLANG_WARN_RANGE_LOOP_ANALYSIS = YES;
				CLANG_WARN_STRICT_PROTOTYPES = YES;
				CLANG_WARN_SUSPICIOUS_MOVE = YES;
				CLANG_WARN_UNGUARDED_AVAILABILITY = YES_AGGRESSIVE;
				CLANG_WARN_UNREACHABLE_CODE = YES;
				CLANG_WARN__DUPLICATE_METHOD_MATCH = YES;
				COPY_PHASE_STRIP = NO;
				DEBUG_INFORMATION_FORMAT = dwarf;
				ENABLE_STRICT_OBJC_MSGSEND = YES;
				ENABLE_TESTABILITY = YES;
				GCC_C_LANGUAGE_STANDARD = gnu11;
				GCC_DYNAMIC_NO_PIC = NO;
				GCC_NO_COMMON_BLOCKS = YES;
				GCC_OPTIMIZATION_LEVEL = 0;
				GCC_PREPROCESSOR_DEFINITIONS = (
					"DEBUG=1",
					"$(inherited)",
				);
				GCC_WARN_64_TO_32_BIT_CONVERSION = YES;
				GCC_WARN_ABOUT_RETURN_TYPE = YES_ERROR;
				GCC_WARN_UNDECLARED_SELECTOR = YES;
				GCC_WARN_UNINITIALIZED_AUTOS = YES_AGGRESSIVE;
				GCC_WARN_UNUSED_FUNCTION = YES;
				GCC_WARN_UNUSED_VARIABLE = YES;
				IPHONEOS_DEPLOYMENT_TARGET = 15.5;
				MTL_ENABLE_DEBUG_INFO = INCLUDE_SOURCE;
				MTL_FAST_MATH = YES;
				ONLY_ACTIVE_ARCH = YES;
				SDKROOT = iphoneos;
				SWIFT_ACTIVE_COMPILATION_CONDITIONS = DEBUG;
				SWIFT_OPTIMIZATION_LEVEL = "-Onone";
			};
			name = Debug;
		};
		848395CF28CF2F6D00A7F6C5 /* Release */ = {
			isa = XCBuildConfiguration;
			buildSettings = {
				ALWAYS_SEARCH_USER_PATHS = NO;
				CLANG_ANALYZER_NONNULL = YES;
				CLANG_ANALYZER_NUMBER_OBJECT_CONVERSION = YES_AGGRESSIVE;
				CLANG_CXX_LANGUAGE_STANDARD = "gnu++17";
				CLANG_ENABLE_MODULES = YES;
				CLANG_ENABLE_OBJC_ARC = YES;
				CLANG_ENABLE_OBJC_WEAK = YES;
				CLANG_WARN_BLOCK_CAPTURE_AUTORELEASING = YES;
				CLANG_WARN_BOOL_CONVERSION = YES;
				CLANG_WARN_COMMA = YES;
				CLANG_WARN_CONSTANT_CONVERSION = YES;
				CLANG_WARN_DEPRECATED_OBJC_IMPLEMENTATIONS = YES;
				CLANG_WARN_DIRECT_OBJC_ISA_USAGE = YES_ERROR;
				CLANG_WARN_DOCUMENTATION_COMMENTS = YES;
				CLANG_WARN_EMPTY_BODY = YES;
				CLANG_WARN_ENUM_CONVERSION = YES;
				CLANG_WARN_INFINITE_RECURSION = YES;
				CLANG_WARN_INT_CONVERSION = YES;
				CLANG_WARN_NON_LITERAL_NULL_CONVERSION = YES;
				CLANG_WARN_OBJC_IMPLICIT_RETAIN_SELF = YES;
				CLANG_WARN_OBJC_LITERAL_CONVERSION = YES;
				CLANG_WARN_OBJC_ROOT_CLASS = YES_ERROR;
				CLANG_WARN_QUOTED_INCLUDE_IN_FRAMEWORK_HEADER = YES;
				CLANG_WARN_RANGE_LOOP_ANALYSIS = YES;
				CLANG_WARN_STRICT_PROTOTYPES = YES;
				CLANG_WARN_SUSPICIOUS_MOVE = YES;
				CLANG_WARN_UNGUARDED_AVAILABILITY = YES_AGGRESSIVE;
				CLANG_WARN_UNREACHABLE_CODE = YES;
				CLANG_WARN__DUPLICATE_METHOD_MATCH = YES;
				COPY_PHASE_STRIP = NO;
				DEBUG_INFORMATION_FORMAT = "dwarf-with-dsym";
				ENABLE_NS_ASSERTIONS = NO;
				ENABLE_STRICT_OBJC_MSGSEND = YES;
				GCC_C_LANGUAGE_STANDARD = gnu11;
				GCC_NO_COMMON_BLOCKS = YES;
				GCC_WARN_64_TO_32_BIT_CONVERSION = YES;
				GCC_WARN_ABOUT_RETURN_TYPE = YES_ERROR;
				GCC_WARN_UNDECLARED_SELECTOR = YES;
				GCC_WARN_UNINITIALIZED_AUTOS = YES_AGGRESSIVE;
				GCC_WARN_UNUSED_FUNCTION = YES;
				GCC_WARN_UNUSED_VARIABLE = YES;
				IPHONEOS_DEPLOYMENT_TARGET = 15.5;
				MTL_ENABLE_DEBUG_INFO = NO;
				MTL_FAST_MATH = YES;
				SDKROOT = iphoneos;
				SWIFT_COMPILATION_MODE = wholemodule;
				SWIFT_OPTIMIZATION_LEVEL = "-O";
				VALIDATE_PRODUCT = YES;
			};
			name = Release;
		};
		848395D128CF2F6D00A7F6C5 /* Debug */ = {
			isa = XCBuildConfiguration;
			buildSettings = {
				ASSETCATALOG_COMPILER_APPICON_NAME = AppIcon;
				ASSETCATALOG_COMPILER_GLOBAL_ACCENT_COLOR_NAME = AccentColor;
				CODE_SIGN_STYLE = Automatic;
				CURRENT_PROJECT_VERSION = 1;
				GENERATE_INFOPLIST_FILE = YES;
				INFOPLIST_FILE = UpdateFruitViewController/Info.plist;
				INFOPLIST_KEY_UIApplicationSupportsIndirectInputEvents = YES;
				INFOPLIST_KEY_UILaunchStoryboardName = LaunchScreen;
				INFOPLIST_KEY_UIMainStoryboardFile = Main;
				INFOPLIST_KEY_UISupportedInterfaceOrientations_iPad = "UIInterfaceOrientationPortrait UIInterfaceOrientationPortraitUpsideDown UIInterfaceOrientationLandscapeLeft UIInterfaceOrientationLandscapeRight";
				INFOPLIST_KEY_UISupportedInterfaceOrientations_iPhone = "UIInterfaceOrientationPortrait UIInterfaceOrientationLandscapeLeft UIInterfaceOrientationLandscapeRight";
				LD_RUNPATH_SEARCH_PATHS = (
					"$(inherited)",
					"@executable_path/Frameworks",
				);
				MARKETING_VERSION = 1.0;
				PRODUCT_BUNDLE_IDENTIFIER = hn.UpdateFruitViewController;
				PRODUCT_NAME = "$(TARGET_NAME)";
				SWIFT_EMIT_LOC_STRINGS = YES;
				SWIFT_VERSION = 5.0;
				TARGETED_DEVICE_FAMILY = "1,2";
			};
			name = Debug;
		};
		848395D228CF2F6D00A7F6C5 /* Release */ = {
			isa = XCBuildConfiguration;
			buildSettings = {
				ASSETCATALOG_COMPILER_APPICON_NAME = AppIcon;
				ASSETCATALOG_COMPILER_GLOBAL_ACCENT_COLOR_NAME = AccentColor;
				CODE_SIGN_STYLE = Automatic;
				CURRENT_PROJECT_VERSION = 1;
				GENERATE_INFOPLIST_FILE = YES;
				INFOPLIST_FILE = UpdateFruitViewController/Info.plist;
				INFOPLIST_KEY_UIApplicationSupportsIndirectInputEvents = YES;
				INFOPLIST_KEY_UILaunchStoryboardName = LaunchScreen;
				INFOPLIST_KEY_UIMainStoryboardFile = Main;
				INFOPLIST_KEY_UISupportedInterfaceOrientations_iPad = "UIInterfaceOrientationPortrait UIInterfaceOrientationPortraitUpsideDown UIInterfaceOrientationLandscapeLeft UIInterfaceOrientationLandscapeRight";
				INFOPLIST_KEY_UISupportedInterfaceOrientations_iPhone = "UIInterfaceOrientationPortrait UIInterfaceOrientationLandscapeLeft UIInterfaceOrientationLandscapeRight";
				LD_RUNPATH_SEARCH_PATHS = (
					"$(inherited)",
					"@executable_path/Frameworks",
				);
				MARKETING_VERSION = 1.0;
				PRODUCT_BUNDLE_IDENTIFIER = hn.UpdateFruitViewController;
				PRODUCT_NAME = "$(TARGET_NAME)";
				SWIFT_EMIT_LOC_STRINGS = YES;
				SWIFT_VERSION = 5.0;
				TARGETED_DEVICE_FAMILY = "1,2";
			};
			name = Release;
		};
		848395D428CF2F6D00A7F6C5 /* Debug */ = {
			isa = XCBuildConfiguration;
			buildSettings = {
				ALWAYS_EMBED_SWIFT_STANDARD_LIBRARIES = YES;
				BUNDLE_LOADER = "$(TEST_HOST)";
				CODE_SIGN_STYLE = Automatic;
				CURRENT_PROJECT_VERSION = 1;
				GENERATE_INFOPLIST_FILE = YES;
				IPHONEOS_DEPLOYMENT_TARGET = 15.5;
				MARKETING_VERSION = 1.0;
				PRODUCT_BUNDLE_IDENTIFIER = hn.UpdateFruitViewControllerTests;
				PRODUCT_NAME = "$(TARGET_NAME)";
				SWIFT_EMIT_LOC_STRINGS = NO;
				SWIFT_VERSION = 5.0;
				TARGETED_DEVICE_FAMILY = "1,2";
				TEST_HOST = "$(BUILT_PRODUCTS_DIR)/UpdateFruitViewController.app/UpdateFruitViewController";
			};
			name = Debug;
		};
		848395D528CF2F6D00A7F6C5 /* Release */ = {
			isa = XCBuildConfiguration;
			buildSettings = {
				ALWAYS_EMBED_SWIFT_STANDARD_LIBRARIES = YES;
				BUNDLE_LOADER = "$(TEST_HOST)";
				CODE_SIGN_STYLE = Automatic;
				CURRENT_PROJECT_VERSION = 1;
				GENERATE_INFOPLIST_FILE = YES;
				IPHONEOS_DEPLOYMENT_TARGET = 15.5;
				MARKETING_VERSION = 1.0;
				PRODUCT_BUNDLE_IDENTIFIER = hn.UpdateFruitViewControllerTests;
				PRODUCT_NAME = "$(TARGET_NAME)";
				SWIFT_EMIT_LOC_STRINGS = NO;
				SWIFT_VERSION = 5.0;
				TARGETED_DEVICE_FAMILY = "1,2";
				TEST_HOST = "$(BUILT_PRODUCTS_DIR)/UpdateFruitViewController.app/UpdateFruitViewController";
			};
			name = Release;
		};
		848395D728CF2F6D00A7F6C5 /* Debug */ = {
			isa = XCBuildConfiguration;
			buildSettings = {
				ALWAYS_EMBED_SWIFT_STANDARD_LIBRARIES = YES;
				CODE_SIGN_STYLE = Automatic;
				CURRENT_PROJECT_VERSION = 1;
				GENERATE_INFOPLIST_FILE = YES;
				MARKETING_VERSION = 1.0;
				PRODUCT_BUNDLE_IDENTIFIER = hn.UpdateFruitViewControllerUITests;
				PRODUCT_NAME = "$(TARGET_NAME)";
				SWIFT_EMIT_LOC_STRINGS = NO;
				SWIFT_VERSION = 5.0;
				TARGETED_DEVICE_FAMILY = "1,2";
				TEST_TARGET_NAME = UpdateFruitViewController;
			};
			name = Debug;
		};
		848395D828CF2F6D00A7F6C5 /* Release */ = {
			isa = XCBuildConfiguration;
			buildSettings = {
				ALWAYS_EMBED_SWIFT_STANDARD_LIBRARIES = YES;
				CODE_SIGN_STYLE = Automatic;
				CURRENT_PROJECT_VERSION = 1;
				GENERATE_INFOPLIST_FILE = YES;
				MARKETING_VERSION = 1.0;
				PRODUCT_BUNDLE_IDENTIFIER = hn.UpdateFruitViewControllerUITests;
				PRODUCT_NAME = "$(TARGET_NAME)";
				SWIFT_EMIT_LOC_STRINGS = NO;
				SWIFT_VERSION = 5.0;
				TARGETED_DEVICE_FAMILY = "1,2";
				TEST_TARGET_NAME = UpdateFruitViewController;
			};
			name = Release;
		};
/* End XCBuildConfiguration section */

/* Begin XCConfigurationList section */
		848395A128CF2F6C00A7F6C5 /* Build configuration list for PBXProject "UpdateFruitViewController" */ = {
			isa = XCConfigurationList;
			buildConfigurations = (
				848395CE28CF2F6D00A7F6C5 /* Debug */,
				848395CF28CF2F6D00A7F6C5 /* Release */,
			);
			defaultConfigurationIsVisible = 0;
			defaultConfigurationName = Release;
		};
		848395D028CF2F6D00A7F6C5 /* Build configuration list for PBXNativeTarget "UpdateFruitViewController" */ = {
			isa = XCConfigurationList;
			buildConfigurations = (
				848395D128CF2F6D00A7F6C5 /* Debug */,
				848395D228CF2F6D00A7F6C5 /* Release */,
			);
			defaultConfigurationIsVisible = 0;
			defaultConfigurationName = Release;
		};
		848395D328CF2F6D00A7F6C5 /* Build configuration list for PBXNativeTarget "UpdateFruitViewControllerTests" */ = {
			isa = XCConfigurationList;
			buildConfigurations = (
				848395D428CF2F6D00A7F6C5 /* Debug */,
				848395D528CF2F6D00A7F6C5 /* Release */,
			);
			defaultConfigurationIsVisible = 0;
			defaultConfigurationName = Release;
		};
		848395D628CF2F6D00A7F6C5 /* Build configuration list for PBXNativeTarget "UpdateFruitViewControllerUITests" */ = {
			isa = XCConfigurationList;
			buildConfigurations = (
				848395D728CF2F6D00A7F6C5 /* Debug */,
				848395D828CF2F6D00A7F6C5 /* Release */,
			);
			defaultConfigurationIsVisible = 0;
			defaultConfigurationName = Release;
		};
/* End XCConfigurationList section */
	};
	rootObject = 8483959E28CF2F6C00A7F6C5 /* Project object */;
}
